
Microsoft Visual Studio Solution File, Format Version 12.00
# Visual Studio Version 17
VisualStudioVersion = 17.14.36414.22
MinimumVisualStudioVersion = 10.0.40219.1
Project("{FAE04EC0-301F-11D3-BF4B-00C04F79EFBC}") = "ThreeTierApp.Presentation", "ThreeTierApp.Presentation\ThreeTierApp.Presentation.csproj", "{9BE03F9E-8949-47FF-AA9D-8DB22A9D6F63}"
EndProject
Project("{FAE04EC0-301F-11D3-BF4B-00C04F79EFBC}") = "ThreeTierApp.BusinessLogic", "ThreeTierApp.BusinessLogic\ThreeTierApp.BusinessLogic.csproj", "{754EE45E-D5FE-4E96-9FF0-31AF6F051044}"
EndProject
Project("{FAE04EC0-301F-11D3-BF4B-00C04F79EFBC}") = "ThreeTierApp.Data", "ThreeTierApp.Data\ThreeTierApp.Data.csproj", "{EA99EB7B-BB84-46EB-952D-9EACDFC60937}"
EndProject
Global
	GlobalSection(SolutionConfigurationPlatforms) = preSolution
		Debug|Any CPU = Debug|Any CPU
		Release|Any CPU = Release|Any CPU
	EndGlobalSection
	GlobalSection(ProjectConfigurationPlatforms) = postSolution
		{9BE03F9E-8949-47FF-AA9D-8DB22A9D6F63}.Debug|Any CPU.ActiveCfg = Debug|Any CPU
		{9BE03F9E-8949-47FF-AA9D-8DB22A9D6F63}.Debug|Any CPU.Build.0 = Debug|Any CPU
		{9BE03F9E-8949-47FF-AA9D-8DB22A9D6F63}.Release|Any CPU.ActiveCfg = Release|Any CPU
		{9BE03F9E-8949-47FF-AA9D-8DB22A9D6F63}.Release|Any CPU.Build.0 = Release|Any CPU
		{754EE45E-D5FE-4E96-9FF0-31AF6F051044}.Debug|Any CPU.ActiveCfg = Debug|Any CPU
		{754EE45E-D5FE-4E96-9FF0-31AF6F051044}.Debug|Any CPU.Build.0 = Debug|Any CPU
		{754EE45E-D5FE-4E96-9FF0-31AF6F051044}.Release|Any CPU.ActiveCfg = Release|Any CPU
		{754EE45E-D5FE-4E96-9FF0-31AF6F051044}.Release|Any CPU.Build.0 = Release|Any CPU
		{EA99EB7B-BB84-46EB-952D-9EACDFC60937}.Debug|Any CPU.ActiveCfg = Debug|Any CPU
		{EA99EB7B-BB84-46EB-952D-9EACDFC60937}.Debug|Any CPU.Build.0 = Debug|Any CPU
		{EA99EB7B-BB84-46EB-952D-9EACDFC60937}.Release|Any CPU.ActiveCfg = Release|Any CPU
		{EA99EB7B-BB84-46EB-952D-9EACDFC60937}.Release|Any CPU.Build.0 = Release|Any CPU
	EndGlobalSection
	GlobalSection(SolutionProperties) = preSolution
		HideSolutionNode = FALSE
	EndGlobalSection
	GlobalSection(ExtensibilityGlobals) = postSolution
		SolutionGuid = {58A1488F-702E-4E6F-9AB1-2DAB319ADC94}
	EndGlobalSection
EndGlobal
